
Microsoft Visual Studio Solution File, Format Version 12.00
# Visual Studio Version 17
VisualStudioVersion = 17.1.32210.238
MinimumVisualStudioVersion = 10.0.40219.1
Project("{FAE04EC0-301F-11D3-BF4B-00C04F79EFBC}") = "BinarySearch", "BinarySearch\BinarySearch.csproj", "{C51CBCBB-C3B1-46F4-B405-7E4FB334564A}"
EndProject
Global
	GlobalSection(SolutionConfigurationPlatforms) = preSolution
		Debug|Any CPU = Debug|Any CPU
		Release|Any CPU = Release|Any CPU
	EndGlobalSection
	GlobalSection(ProjectConfigurationPlatforms) = postSolution
		{C51CBCBB-C3B1-46F4-B405-7E4FB334564A}.Debug|Any CPU.ActiveCfg = Debug|Any CPU
		{C51CBCBB-C3B1-46F4-B405-7E4FB334564A}.Debug|Any CPU.Build.0 = Debug|Any CPU
		{C51CBCBB-C3B1-46F4-B405-7E4FB334564A}.Release|Any CPU.ActiveCfg = Release|Any CPU
		{C51CBCBB-C3B1-46F4-B405-7E4FB334564A}.Release|Any CPU.Build.0 = Release|Any CPU
	EndGlobalSection
	GlobalSection(SolutionProperties) = preSolution
		HideSolutionNode = FALSE
	EndGlobalSection
	GlobalSection(ExtensibilityGlobals) = postSolution
		SolutionGuid = {5AA9D3EB-AE5D-4354-AAAE-E940D8FF4316}
	EndGlobalSection
EndGlobal
